
Microsoft Visual Studio Solution File, Format Version 12.00
# Visual Studio Version 17
VisualStudioVersion = 17.1.32319.34
MinimumVisualStudioVersion = 10.0.40219.1
Project("{FAE04EC0-301F-11D3-BF4B-00C04F79EFBC}") = "StrucEngLib", "StrucEngLib\StrucEngLib.csproj", "{1CBB4A58-FA1C-4770-8DAE-5285EBC70F6E}"
EndProject
Project("{FAE04EC0-301F-11D3-BF4B-00C04F79EFBC}") = "StrucEngLibTest", "StrucEngLibTest\StrucEngLibTest.csproj", "{0F4D10E8-BB16-4229-A130-10A58E30E488}"
EndProject
Global
	GlobalSection(SolutionConfigurationPlatforms) = preSolution
		Debug|Any CPU = Debug|Any CPU
		Release|Any CPU = Release|Any CPU
	EndGlobalSection
	GlobalSection(ProjectConfigurationPlatforms) = postSolution
		{1CBB4A58-FA1C-4770-8DAE-5285EBC70F6E}.Debug|Any CPU.ActiveCfg = Debug|Any CPU
		{1CBB4A58-FA1C-4770-8DAE-5285EBC70F6E}.Debug|Any CPU.Build.0 = Debug|Any CPU
		{1CBB4A58-FA1C-4770-8DAE-5285EBC70F6E}.Release|Any CPU.ActiveCfg = Release|Any CPU
		{1CBB4A58-FA1C-4770-8DAE-5285EBC70F6E}.Release|Any CPU.Build.0 = Release|Any CPU
		{0F4D10E8-BB16-4229-A130-10A58E30E488}.Debug|Any CPU.ActiveCfg = Debug|Any CPU
		{0F4D10E8-BB16-4229-A130-10A58E30E488}.Debug|Any CPU.Build.0 = Debug|Any CPU
		{0F4D10E8-BB16-4229-A130-10A58E30E488}.Release|Any CPU.ActiveCfg = Release|Any CPU
		{0F4D10E8-BB16-4229-A130-10A58E30E488}.Release|Any CPU.Build.0 = Release|Any CPU
	EndGlobalSection
	GlobalSection(SolutionProperties) = preSolution
		HideSolutionNode = FALSE
	EndGlobalSection
	GlobalSection(ExtensibilityGlobals) = postSolution
		SolutionGuid = {7639DB13-1B30-4A85-A4C5-DA0C15D754B2}
	EndGlobalSection
EndGlobal
